
Microsoft Visual Studio Solution File, Format Version 12.00
# Visual Studio 15
VisualStudioVersion = 15.0.27004.2010
MinimumVisualStudioVersion = 10.0.40219.1
Project("{FAE04EC0-301F-11D3-BF4B-00C04F79EFBC}") = "CreateDeviceIdentity", "CreateDeviceIdentity\CreateDeviceIdentity.csproj", "{52C23EA2-9F82-49C1-A729-A97C84106EA7}"
EndProject
Project("{FAE04EC0-301F-11D3-BF4B-00C04F79EFBC}") = "ReadDeviceToCloudMessages", "ReadDeviceToCloudMessages\ReadDeviceToCloudMessages.csproj", "{04C177ED-A458-4DBC-855E-8AAF1D8C0432}"
EndProject
Project("{FAE04EC0-301F-11D3-BF4B-00C04F79EFBC}") = "SimulatedDevice", "SimulatedDevice\SimulatedDevice.csproj", "{F19A36A4-D8F7-420A-933E-1FFF2667780D}"
EndProject
Project("{2150E333-8FDC-42A3-9474-1A3956D46DE8}") = "Solution Items", "Solution Items", "{45A192A0-472C-4D96-812F-883011CE5A6A}"
	ProjectSection(SolutionItems) = preProject
		README.md = README.md
	EndProjectSection
EndProject
Project("{FAE04EC0-301F-11D3-BF4B-00C04F79EFBC}") = "Telemetry", "Telemetry\Telemetry.csproj", "{34AAD631-2425-43C3-ABC2-23EDA9EEF3AF}"
EndProject
Project("{FAE04EC0-301F-11D3-BF4B-00C04F79EFBC}") = "AnomaliDevice", "AnomaliDevice\AnomaliDevice.csproj", "{2A01F5DA-9263-44CF-94CD-5D7428A7CFF7}"
EndProject
Project("{FAE04EC0-301F-11D3-BF4B-00C04F79EFBC}") = "CreateAnomaliDeviceIdentity", "CreateAnomaliDeviceIdentity\CreateAnomaliDeviceIdentity.csproj", "{7A0A84BB-15FA-43BE-9D27-CC08CFBED806}"
EndProject
Project("{FAE04EC0-301F-11D3-BF4B-00C04F79EFBC}") = "AnomalyDeviceLib", "AnomalyDeviceLib\AnomalyDeviceLib.csproj", "{C9F42860-B076-4218-9E14-2BEE9C04B1DE}"
EndProject
Global
	GlobalSection(SolutionConfigurationPlatforms) = preSolution
		Debug|Any CPU = Debug|Any CPU
		Release|Any CPU = Release|Any CPU
	EndGlobalSection
	GlobalSection(ProjectConfigurationPlatforms) = postSolution
		{52C23EA2-9F82-49C1-A729-A97C84106EA7}.Debug|Any CPU.ActiveCfg = Debug|Any CPU
		{52C23EA2-9F82-49C1-A729-A97C84106EA7}.Debug|Any CPU.Build.0 = Debug|Any CPU
		{52C23EA2-9F82-49C1-A729-A97C84106EA7}.Release|Any CPU.ActiveCfg = Release|Any CPU
		{52C23EA2-9F82-49C1-A729-A97C84106EA7}.Release|Any CPU.Build.0 = Release|Any CPU
		{04C177ED-A458-4DBC-855E-8AAF1D8C0432}.Debug|Any CPU.ActiveCfg = Debug|Any CPU
		{04C177ED-A458-4DBC-855E-8AAF1D8C0432}.Debug|Any CPU.Build.0 = Debug|Any CPU
		{04C177ED-A458-4DBC-855E-8AAF1D8C0432}.Release|Any CPU.ActiveCfg = Release|Any CPU
		{04C177ED-A458-4DBC-855E-8AAF1D8C0432}.Release|Any CPU.Build.0 = Release|Any CPU
		{F19A36A4-D8F7-420A-933E-1FFF2667780D}.Debug|Any CPU.ActiveCfg = Debug|Any CPU
		{F19A36A4-D8F7-420A-933E-1FFF2667780D}.Debug|Any CPU.Build.0 = Debug|Any CPU
		{F19A36A4-D8F7-420A-933E-1FFF2667780D}.Release|Any CPU.ActiveCfg = Release|Any CPU
		{F19A36A4-D8F7-420A-933E-1FFF2667780D}.Release|Any CPU.Build.0 = Release|Any CPU
		{34AAD631-2425-43C3-ABC2-23EDA9EEF3AF}.Debug|Any CPU.ActiveCfg = Debug|Any CPU
		{34AAD631-2425-43C3-ABC2-23EDA9EEF3AF}.Debug|Any CPU.Build.0 = Debug|Any CPU
		{34AAD631-2425-43C3-ABC2-23EDA9EEF3AF}.Release|Any CPU.ActiveCfg = Release|Any CPU
		{34AAD631-2425-43C3-ABC2-23EDA9EEF3AF}.Release|Any CPU.Build.0 = Release|Any CPU
		{2A01F5DA-9263-44CF-94CD-5D7428A7CFF7}.Debug|Any CPU.ActiveCfg = Debug|Any CPU
		{2A01F5DA-9263-44CF-94CD-5D7428A7CFF7}.Debug|Any CPU.Build.0 = Debug|Any CPU
		{2A01F5DA-9263-44CF-94CD-5D7428A7CFF7}.Release|Any CPU.ActiveCfg = Release|Any CPU
		{2A01F5DA-9263-44CF-94CD-5D7428A7CFF7}.Release|Any CPU.Build.0 = Release|Any CPU
		{7A0A84BB-15FA-43BE-9D27-CC08CFBED806}.Debug|Any CPU.ActiveCfg = Debug|Any CPU
		{7A0A84BB-15FA-43BE-9D27-CC08CFBED806}.Debug|Any CPU.Build.0 = Debug|Any CPU
		{7A0A84BB-15FA-43BE-9D27-CC08CFBED806}.Release|Any CPU.ActiveCfg = Release|Any CPU
		{7A0A84BB-15FA-43BE-9D27-CC08CFBED806}.Release|Any CPU.Build.0 = Release|Any CPU
		{C9F42860-B076-4218-9E14-2BEE9C04B1DE}.Debug|Any CPU.ActiveCfg = Debug|Any CPU
		{C9F42860-B076-4218-9E14-2BEE9C04B1DE}.Debug|Any CPU.Build.0 = Debug|Any CPU
		{C9F42860-B076-4218-9E14-2BEE9C04B1DE}.Release|Any CPU.ActiveCfg = Release|Any CPU
		{C9F42860-B076-4218-9E14-2BEE9C04B1DE}.Release|Any CPU.Build.0 = Release|Any CPU
	EndGlobalSection
	GlobalSection(SolutionProperties) = preSolution
		HideSolutionNode = FALSE
	EndGlobalSection
	GlobalSection(ExtensibilityGlobals) = postSolution
		SolutionGuid = {2D095289-4C8A-4888-886B-F0A1F1ABB72F}
		EnterpriseLibraryConfigurationToolBinariesPathV6 = packages\EnterpriseLibrary.TransientFaultHandling.6.0.1304.0\lib\portable-net45+win+wp8
	EndGlobalSection
EndGlobal
